
Microsoft Visual Studio Solution File, Format Version 12.00
# Visual Studio Version 17
VisualStudioVersion = 17.6.33829.357
MinimumVisualStudioVersion = 10.0.40219.1
Project("{FAE04EC0-301F-11D3-BF4B-00C04F79EFBC}") = "eTickets", "eTickets\eTickets.csproj", "{F7EACE5C-6AF5-4E8C-B0B6-71CE095638BF}"
EndProject
Global
	GlobalSection(SolutionConfigurationPlatforms) = preSolution
		Debug|Any CPU = Debug|Any CPU
		Release|Any CPU = Release|Any CPU
	EndGlobalSection
	GlobalSection(ProjectConfigurationPlatforms) = postSolution
		{F7EACE5C-6AF5-4E8C-B0B6-71CE095638BF}.Debug|Any CPU.ActiveCfg = Debug|Any CPU
		{F7EACE5C-6AF5-4E8C-B0B6-71CE095638BF}.Debug|Any CPU.Build.0 = Debug|Any CPU
		{F7EACE5C-6AF5-4E8C-B0B6-71CE095638BF}.Release|Any CPU.ActiveCfg = Release|Any CPU
		{F7EACE5C-6AF5-4E8C-B0B6-71CE095638BF}.Release|Any CPU.Build.0 = Release|Any CPU
	EndGlobalSection
	GlobalSection(SolutionProperties) = preSolution
		HideSolutionNode = FALSE
	EndGlobalSection
	GlobalSection(ExtensibilityGlobals) = postSolution
		SolutionGuid = {A6E05DD9-EB11-4765-B329-A1B8541EFB89}
	EndGlobalSection
EndGlobal
